
Microsoft Visual Studio Solution File, Format Version 12.00
# Visual Studio 2013
VisualStudioVersion = 12.0.31101.0
MinimumVisualStudioVersion = 10.0.40219.1
Project("{FAE04EC0-301F-11D3-BF4B-00C04F79EFBC}") = "Portable.Accord.Core", "Accord.Core\Portable.Accord.Core.csproj", "{5E441557-080B-4664-A8EB-4185DDFD668D}"
EndProject
Project("{FAE04EC0-301F-11D3-BF4B-00C04F79EFBC}") = "Portable.Accord.Math", "Accord.Math\Portable.Accord.Math.csproj", "{A2E3375E-421D-4A53-9298-26180C915C97}"
EndProject
Project("{FAE04EC0-301F-11D3-BF4B-00C04F79EFBC}") = "Portable.Accord.Statistics", "Accord.Statistics\Portable.Accord.Statistics.csproj", "{8DC51A9C-679F-433B-960E-DF18FD27D04F}"
EndProject
Project("{FAE04EC0-301F-11D3-BF4B-00C04F79EFBC}") = "Portable.Accord.MachineLearning", "Accord.MachineLearning\Portable.Accord.MachineLearning.csproj", "{CFC7E81E-1E71-46BE-80B7-4DEDE5E51612}"
EndProject
Project("{FAE04EC0-301F-11D3-BF4B-00C04F79EFBC}") = "Portable.Accord.Neuro", "Accord.Neuro\Portable.Accord.Neuro.csproj", "{46E4F987-424B-4BFD-A78F-03AE578A1AAA}"
EndProject
Project("{FAE04EC0-301F-11D3-BF4B-00C04F79EFBC}") = "Portable.Accord.Imaging", "Accord.Imaging\Portable.Accord.Imaging.csproj", "{05E1D2F5-F28B-4689-B607-33EA288125FF}"
EndProject
Project("{FAE04EC0-301F-11D3-BF4B-00C04F79EFBC}") = "Portable.Accord.Vision", "Accord.Vision\Portable.Accord.Vision.csproj", "{BBCCFA77-C773-4E60-BFC1-AC6011D2CE21}"
EndProject
Project("{2150E333-8FDC-42A3-9474-1A3956D46DE8}") = "Unit Tests", "Unit Tests", "{B5B7BB6A-0E47-4476-AA2A-6EE370133211}"
EndProject
Project("{FAE04EC0-301F-11D3-BF4B-00C04F79EFBC}") = "Portable.Accord.Audio", "Accord.Audio\Portable.Accord.Audio.csproj", "{A96FCCC6-D515-4E47-A7E6-B57C5C73D9EC}"
EndProject
Project("{FAE04EC0-301F-11D3-BF4B-00C04F79EFBC}") = "Portable.Accord.Audio.Formats", "Accord.Audio.Formats\Portable.Accord.Audio.Formats.csproj", "{0C4DC074-2AA2-43FA-9D3E-5A4C52AEBCF3}"
EndProject
Project("{2150E333-8FDC-42A3-9474-1A3956D46DE8}") = ".nuget", ".nuget", "{7B2407EC-D1AC-48DE-8E54-8C4B55771959}"
	ProjectSection(SolutionItems) = preProject
		.nuget\NuGet.Config = .nuget\NuGet.Config
		.nuget\NuGet.exe = .nuget\NuGet.exe
		.nuget\NuGet.targets = .nuget\NuGet.targets
	EndProjectSection
EndProject
Project("{FAE04EC0-301F-11D3-BF4B-00C04F79EFBC}") = "Portable.Accord.IO", "Accord.Formats\Portable.Accord.IO.csproj", "{8C4970DE-AB6D-47DE-B3D0-B1EF99E4CCC2}"
EndProject
Project("{FAE04EC0-301F-11D3-BF4B-00C04F79EFBC}") = "Portable.Accord.MachineLearning (GPL)", "Extras\Accord.MachineLearning.GPL\Portable.Accord.MachineLearning (GPL).csproj", "{F6850287-E22B-4372-928E-A0DC2755EEF4}"
EndProject
Project("{FAE04EC0-301F-11D3-BF4B-00C04F79EFBC}") = "Portable.Accord.Math (Noncommercial)", "Extras\Accord.Math.NonCommercial\Portable.Accord.Math (Noncommercial).csproj", "{C25123E2-A3D0-4229-8E3C-B2FD5A86E675}"
EndProject
Project("{FAE04EC0-301F-11D3-BF4B-00C04F79EFBC}") = "Accord.Tests.Audio", "..\Unit Tests\Accord.Tests.Audio\Accord.Tests.Audio.csproj", "{19385AE1-57CA-4082-AD33-62480D02C1D9}"
EndProject
Project("{FAE04EC0-301F-11D3-BF4B-00C04F79EFBC}") = "Accord.Tests.IO", "..\Unit Tests\Accord.Tests.IO\Accord.Tests.IO.csproj", "{2562C6B4-088E-48AC-B408-15BC99AE6760}"
EndProject
Project("{FAE04EC0-301F-11D3-BF4B-00C04F79EFBC}") = "Accord.Tests.MachineLearning", "..\Unit Tests\Accord.Tests.MachineLearning\Accord.Tests.MachineLearning.csproj", "{987E989A-E48B-428F-A392-0E7EEC9BCECD}"
EndProject
Project("{8BC9CEB8-8B4A-11D0-8D11-00A0C91BC942}") = "Accord.Tests.Math.Cpp", "..\Unit Tests\Accord.Tests.Math.Cpp\Accord.Tests.Math.Cpp.vcxproj", "{161BD953-537D-4325-8A00-22475FC9088E}"
EndProject
Project("{FAE04EC0-301F-11D3-BF4B-00C04F79EFBC}") = "Accord.Tests.Math", "..\Unit Tests\Accord.Tests.Math\Accord.Tests.Math.csproj", "{F454DBD6-2AB9-461D-9624-2249B921B6E6}"
EndProject
Project("{FAE04EC0-301F-11D3-BF4B-00C04F79EFBC}") = "Accord.Tests.Neuro", "..\Unit Tests\Accord.Tests.Neuro\Accord.Tests.Neuro.csproj", "{AB8B83D8-F7B4-4C21-AEB4-B0C5D2217DEF}"
EndProject
Project("{FAE04EC0-301F-11D3-BF4B-00C04F79EFBC}") = "Accord.Tests.Statistics", "..\Unit Tests\Accord.Tests.Statistics\Accord.Tests.Statistics.csproj", "{49679C95-28CE-4D35-8F38-3D67A511A3C1}"
EndProject
Project("{2150E333-8FDC-42A3-9474-1A3956D46DE8}") = "Solution Items", "Solution Items", "{EF9D9E07-35D7-4FB8-A7F9-764DAFD10548}"
	ProjectSection(SolutionItems) = preProject
		..\README.md = ..\README.md
	EndProjectSection
EndProject
Project("{F2A71F9B-5D33-465A-A702-920D77279786}") = "Accord.Tests.MachineLearning.FSharp", "..\Unit Tests\Accord.Tests.MachineLearning.FSharp\Accord.Tests.MachineLearning.FSharp.fsproj", "{A6775B59-6919-4D7C-A960-7E875F0BD81A}"
EndProject
Project("{FAE04EC0-301F-11D3-BF4B-00C04F79EFBC}") = "Net.Accord.ExcelReader", "Accord.Formats\_ExcelReader\Net.Accord.ExcelReader.csproj", "{61C2BC7A-0141-4185-BB49-66AFBE5BFE23}"
EndProject
Global
	GlobalSection(SolutionConfigurationPlatforms) = preSolution
		Debug|Any CPU = Debug|Any CPU
		Release|Any CPU = Release|Any CPU
	EndGlobalSection
	GlobalSection(ProjectConfigurationPlatforms) = postSolution
		{5E441557-080B-4664-A8EB-4185DDFD668D}.Debug|Any CPU.ActiveCfg = Debug|Any CPU
		{5E441557-080B-4664-A8EB-4185DDFD668D}.Debug|Any CPU.Build.0 = Debug|Any CPU
		{5E441557-080B-4664-A8EB-4185DDFD668D}.Release|Any CPU.ActiveCfg = Release|Any CPU
		{5E441557-080B-4664-A8EB-4185DDFD668D}.Release|Any CPU.Build.0 = Release|Any CPU
		{A2E3375E-421D-4A53-9298-26180C915C97}.Debug|Any CPU.ActiveCfg = Debug|Any CPU
		{A2E3375E-421D-4A53-9298-26180C915C97}.Debug|Any CPU.Build.0 = Debug|Any CPU
		{A2E3375E-421D-4A53-9298-26180C915C97}.Release|Any CPU.ActiveCfg = Release|Any CPU
		{A2E3375E-421D-4A53-9298-26180C915C97}.Release|Any CPU.Build.0 = Release|Any CPU
		{8DC51A9C-679F-433B-960E-DF18FD27D04F}.Debug|Any CPU.ActiveCfg = Debug|Any CPU
		{8DC51A9C-679F-433B-960E-DF18FD27D04F}.Debug|Any CPU.Build.0 = Debug|Any CPU
		{8DC51A9C-679F-433B-960E-DF18FD27D04F}.Release|Any CPU.ActiveCfg = Release|Any CPU
		{8DC51A9C-679F-433B-960E-DF18FD27D04F}.Release|Any CPU.Build.0 = Release|Any CPU
		{CFC7E81E-1E71-46BE-80B7-4DEDE5E51612}.Debug|Any CPU.ActiveCfg = Debug|Any CPU
		{CFC7E81E-1E71-46BE-80B7-4DEDE5E51612}.Debug|Any CPU.Build.0 = Debug|Any CPU
		{CFC7E81E-1E71-46BE-80B7-4DEDE5E51612}.Release|Any CPU.ActiveCfg = Release|Any CPU
		{CFC7E81E-1E71-46BE-80B7-4DEDE5E51612}.Release|Any CPU.Build.0 = Release|Any CPU
		{46E4F987-424B-4BFD-A78F-03AE578A1AAA}.Debug|Any CPU.ActiveCfg = Debug|Any CPU
		{46E4F987-424B-4BFD-A78F-03AE578A1AAA}.Debug|Any CPU.Build.0 = Debug|Any CPU
		{46E4F987-424B-4BFD-A78F-03AE578A1AAA}.Release|Any CPU.ActiveCfg = Release|Any CPU
		{46E4F987-424B-4BFD-A78F-03AE578A1AAA}.Release|Any CPU.Build.0 = Release|Any CPU
		{05E1D2F5-F28B-4689-B607-33EA288125FF}.Debug|Any CPU.ActiveCfg = Debug|Any CPU
		{05E1D2F5-F28B-4689-B607-33EA288125FF}.Debug|Any CPU.Build.0 = Debug|Any CPU
		{05E1D2F5-F28B-4689-B607-33EA288125FF}.Release|Any CPU.ActiveCfg = Release|Any CPU
		{05E1D2F5-F28B-4689-B607-33EA288125FF}.Release|Any CPU.Build.0 = Release|Any CPU
		{BBCCFA77-C773-4E60-BFC1-AC6011D2CE21}.Debug|Any CPU.ActiveCfg = Debug|Any CPU
		{BBCCFA77-C773-4E60-BFC1-AC6011D2CE21}.Debug|Any CPU.Build.0 = Debug|Any CPU
		{BBCCFA77-C773-4E60-BFC1-AC6011D2CE21}.Release|Any CPU.ActiveCfg = Release|Any CPU
		{BBCCFA77-C773-4E60-BFC1-AC6011D2CE21}.Release|Any CPU.Build.0 = Release|Any CPU
		{A96FCCC6-D515-4E47-A7E6-B57C5C73D9EC}.Debug|Any CPU.ActiveCfg = Debug|Any CPU
		{A96FCCC6-D515-4E47-A7E6-B57C5C73D9EC}.Debug|Any CPU.Build.0 = Debug|Any CPU
		{A96FCCC6-D515-4E47-A7E6-B57C5C73D9EC}.Release|Any CPU.ActiveCfg = Release|Any CPU
		{A96FCCC6-D515-4E47-A7E6-B57C5C73D9EC}.Release|Any CPU.Build.0 = Release|Any CPU
		{0C4DC074-2AA2-43FA-9D3E-5A4C52AEBCF3}.Debug|Any CPU.ActiveCfg = Debug|Any CPU
		{0C4DC074-2AA2-43FA-9D3E-5A4C52AEBCF3}.Debug|Any CPU.Build.0 = Debug|Any CPU
		{0C4DC074-2AA2-43FA-9D3E-5A4C52AEBCF3}.Release|Any CPU.ActiveCfg = Release|Any CPU
		{0C4DC074-2AA2-43FA-9D3E-5A4C52AEBCF3}.Release|Any CPU.Build.0 = Release|Any CPU
		{8C4970DE-AB6D-47DE-B3D0-B1EF99E4CCC2}.Debug|Any CPU.ActiveCfg = Debug|Any CPU
		{8C4970DE-AB6D-47DE-B3D0-B1EF99E4CCC2}.Debug|Any CPU.Build.0 = Debug|Any CPU
		{8C4970DE-AB6D-47DE-B3D0-B1EF99E4CCC2}.Release|Any CPU.ActiveCfg = Release|Any CPU
		{8C4970DE-AB6D-47DE-B3D0-B1EF99E4CCC2}.Release|Any CPU.Build.0 = Release|Any CPU
		{F6850287-E22B-4372-928E-A0DC2755EEF4}.Debug|Any CPU.ActiveCfg = Debug|Any CPU
		{F6850287-E22B-4372-928E-A0DC2755EEF4}.Debug|Any CPU.Build.0 = Debug|Any CPU
		{F6850287-E22B-4372-928E-A0DC2755EEF4}.Release|Any CPU.ActiveCfg = Release|Any CPU
		{F6850287-E22B-4372-928E-A0DC2755EEF4}.Release|Any CPU.Build.0 = Release|Any CPU
		{C25123E2-A3D0-4229-8E3C-B2FD5A86E675}.Debug|Any CPU.ActiveCfg = Debug|Any CPU
		{C25123E2-A3D0-4229-8E3C-B2FD5A86E675}.Debug|Any CPU.Build.0 = Debug|Any CPU
		{C25123E2-A3D0-4229-8E3C-B2FD5A86E675}.Release|Any CPU.ActiveCfg = Release|Any CPU
		{C25123E2-A3D0-4229-8E3C-B2FD5A86E675}.Release|Any CPU.Build.0 = Release|Any CPU
		{19385AE1-57CA-4082-AD33-62480D02C1D9}.Debug|Any CPU.ActiveCfg = Debug|Any CPU
		{19385AE1-57CA-4082-AD33-62480D02C1D9}.Debug|Any CPU.Build.0 = Debug|Any CPU
		{19385AE1-57CA-4082-AD33-62480D02C1D9}.Release|Any CPU.ActiveCfg = NET45|Any CPU
		{19385AE1-57CA-4082-AD33-62480D02C1D9}.Release|Any CPU.Build.0 = NET45|Any CPU
		{2562C6B4-088E-48AC-B408-15BC99AE6760}.Debug|Any CPU.ActiveCfg = Debug|Any CPU
		{2562C6B4-088E-48AC-B408-15BC99AE6760}.Debug|Any CPU.Build.0 = Debug|Any CPU
		{2562C6B4-088E-48AC-B408-15BC99AE6760}.Release|Any CPU.ActiveCfg = NET45|Any CPU
		{2562C6B4-088E-48AC-B408-15BC99AE6760}.Release|Any CPU.Build.0 = NET45|Any CPU
		{987E989A-E48B-428F-A392-0E7EEC9BCECD}.Debug|Any CPU.ActiveCfg = Debug|Any CPU
		{987E989A-E48B-428F-A392-0E7EEC9BCECD}.Debug|Any CPU.Build.0 = Debug|Any CPU
		{987E989A-E48B-428F-A392-0E7EEC9BCECD}.Release|Any CPU.ActiveCfg = NET45|Any CPU
		{987E989A-E48B-428F-A392-0E7EEC9BCECD}.Release|Any CPU.Build.0 = NET45|Any CPU
		{161BD953-537D-4325-8A00-22475FC9088E}.Debug|Any CPU.ActiveCfg = Debug|Win32
		{161BD953-537D-4325-8A00-22475FC9088E}.Debug|Any CPU.Build.0 = Debug|Win32
		{161BD953-537D-4325-8A00-22475FC9088E}.Release|Any CPU.ActiveCfg = Debug|Win32
		{161BD953-537D-4325-8A00-22475FC9088E}.Release|Any CPU.Build.0 = Debug|Win32
		{F454DBD6-2AB9-461D-9624-2249B921B6E6}.Debug|Any CPU.ActiveCfg = Debug|Any CPU
		{F454DBD6-2AB9-461D-9624-2249B921B6E6}.Debug|Any CPU.Build.0 = Debug|Any CPU
		{F454DBD6-2AB9-461D-9624-2249B921B6E6}.Release|Any CPU.ActiveCfg = NET45|Any CPU
		{F454DBD6-2AB9-461D-9624-2249B921B6E6}.Release|Any CPU.Build.0 = NET45|Any CPU
		{AB8B83D8-F7B4-4C21-AEB4-B0C5D2217DEF}.Debug|Any CPU.ActiveCfg = Debug|Any CPU
		{AB8B83D8-F7B4-4C21-AEB4-B0C5D2217DEF}.Debug|Any CPU.Build.0 = Debug|Any CPU
		{AB8B83D8-F7B4-4C21-AEB4-B0C5D2217DEF}.Release|Any CPU.ActiveCfg = NET45|Any CPU
		{AB8B83D8-F7B4-4C21-AEB4-B0C5D2217DEF}.Release|Any CPU.Build.0 = NET45|Any CPU
		{49679C95-28CE-4D35-8F38-3D67A511A3C1}.Debug|Any CPU.ActiveCfg = Debug|Any CPU
		{49679C95-28CE-4D35-8F38-3D67A511A3C1}.Debug|Any CPU.Build.0 = Debug|Any CPU
		{49679C95-28CE-4D35-8F38-3D67A511A3C1}.Release|Any CPU.ActiveCfg = NET45|Any CPU
		{49679C95-28CE-4D35-8F38-3D67A511A3C1}.Release|Any CPU.Build.0 = NET45|Any CPU
		{A6775B59-6919-4D7C-A960-7E875F0BD81A}.Debug|Any CPU.ActiveCfg = Debug|Any CPU
		{A6775B59-6919-4D7C-A960-7E875F0BD81A}.Debug|Any CPU.Build.0 = Debug|Any CPU
		{A6775B59-6919-4D7C-A960-7E875F0BD81A}.Release|Any CPU.ActiveCfg = Release|Any CPU
		{A6775B59-6919-4D7C-A960-7E875F0BD81A}.Release|Any CPU.Build.0 = Release|Any CPU
		{61C2BC7A-0141-4185-BB49-66AFBE5BFE23}.Debug|Any CPU.ActiveCfg = Debug|Any CPU
		{61C2BC7A-0141-4185-BB49-66AFBE5BFE23}.Debug|Any CPU.Build.0 = Debug|Any CPU
		{61C2BC7A-0141-4185-BB49-66AFBE5BFE23}.Release|Any CPU.ActiveCfg = Release|Any CPU
		{61C2BC7A-0141-4185-BB49-66AFBE5BFE23}.Release|Any CPU.Build.0 = Release|Any CPU
	EndGlobalSection
	GlobalSection(SolutionProperties) = preSolution
		HideSolutionNode = FALSE
	EndGlobalSection
	GlobalSection(NestedProjects) = preSolution
		{19385AE1-57CA-4082-AD33-62480D02C1D9} = {B5B7BB6A-0E47-4476-AA2A-6EE370133211}
		{2562C6B4-088E-48AC-B408-15BC99AE6760} = {B5B7BB6A-0E47-4476-AA2A-6EE370133211}
		{987E989A-E48B-428F-A392-0E7EEC9BCECD} = {B5B7BB6A-0E47-4476-AA2A-6EE370133211}
		{161BD953-537D-4325-8A00-22475FC9088E} = {B5B7BB6A-0E47-4476-AA2A-6EE370133211}
		{F454DBD6-2AB9-461D-9624-2249B921B6E6} = {B5B7BB6A-0E47-4476-AA2A-6EE370133211}
		{AB8B83D8-F7B4-4C21-AEB4-B0C5D2217DEF} = {B5B7BB6A-0E47-4476-AA2A-6EE370133211}
		{49679C95-28CE-4D35-8F38-3D67A511A3C1} = {B5B7BB6A-0E47-4476-AA2A-6EE370133211}
		{A6775B59-6919-4D7C-A960-7E875F0BD81A} = {B5B7BB6A-0E47-4476-AA2A-6EE370133211}
		{61C2BC7A-0141-4185-BB49-66AFBE5BFE23} = {B5B7BB6A-0E47-4476-AA2A-6EE370133211}
	EndGlobalSection
	GlobalSection(TestCaseManagementSettings) = postSolution
		CategoryFile = Accord.NET.vsmdi
	EndGlobalSection
EndGlobal
